
Microsoft Visual Studio Solution File, Format Version 12.00
# Visual Studio Version 17
VisualStudioVersion = 17.0.31903.59
MinimumVisualStudioVersion = 10.0.40219.1
Project("{2150E333-8FDC-42A3-9474-1A3956D46DE8}") = "src", "src", "{827E0CD3-B72D-47B6-A68D-7590B98EB39B}"
EndProject
Project("{FAE04EC0-301F-11D3-BF4B-00C04F79EFBC}") = "Quami.Domain", "src\Quami.Domain\Quami.Domain.csproj", "{D9C14D09-3A3A-43A5-88B7-B237A3BD12A8}"
EndProject
Project("{FAE04EC0-301F-11D3-BF4B-00C04F79EFBC}") = "Quami.Application", "src\Quami.Application\Quami.Application.csproj", "{1D8A9DDB-75CF-4D0A-8956-2DD3AFED8DA4}"
EndProject
Project("{FAE04EC0-301F-11D3-BF4B-00C04F79EFBC}") = "Quami.Infrastructure", "src\Quami.Infrastructure\Quami.Infrastructure.csproj", "{8145115C-E303-40B2-B693-04F644901A2D}"
EndProject
Project("{FAE04EC0-301F-11D3-BF4B-00C04F79EFBC}") = "Quami.Web", "src\Quami.Web\Quami.Web.csproj", "{7FE87676-26E0-4927-B800-BABE425934D3}"
EndProject
Project("{FAE04EC0-301F-11D3-BF4B-00C04F79EFBC}") = "Quami.Api", "src\Quami.Api\Quami.Api.csproj", "{2CFE7C89-EE2A-46C2-BD2A-2636C50D07D3}"
EndProject
Project("{2150E333-8FDC-42A3-9474-1A3956D46DE8}") = "tests", "tests", "{0AB3BF05-4346-4AA6-1389-037BE0695223}"
EndProject
Project("{FAE04EC0-301F-11D3-BF4B-00C04F79EFBC}") = "Quami.Tests", "tests\Quami.Tests\Quami.Tests.csproj", "{DCD68E39-FBB2-4777-9D8D-53FD3BC7D7C4}"
EndProject
Global
	GlobalSection(SolutionConfigurationPlatforms) = preSolution
		Debug|Any CPU = Debug|Any CPU
		Debug|x64 = Debug|x64
		Debug|x86 = Debug|x86
		Release|Any CPU = Release|Any CPU
		Release|x64 = Release|x64
		Release|x86 = Release|x86
	EndGlobalSection
	GlobalSection(ProjectConfigurationPlatforms) = postSolution
		{D9C14D09-3A3A-43A5-88B7-B237A3BD12A8}.Debug|Any CPU.ActiveCfg = Debug|Any CPU
		{D9C14D09-3A3A-43A5-88B7-B237A3BD12A8}.Debug|Any CPU.Build.0 = Debug|Any CPU
		{D9C14D09-3A3A-43A5-88B7-B237A3BD12A8}.Debug|x64.ActiveCfg = Debug|Any CPU
		{D9C14D09-3A3A-43A5-88B7-B237A3BD12A8}.Debug|x64.Build.0 = Debug|Any CPU
		{D9C14D09-3A3A-43A5-88B7-B237A3BD12A8}.Debug|x86.ActiveCfg = Debug|Any CPU
		{D9C14D09-3A3A-43A5-88B7-B237A3BD12A8}.Debug|x86.Build.0 = Debug|Any CPU
		{D9C14D09-3A3A-43A5-88B7-B237A3BD12A8}.Release|Any CPU.ActiveCfg = Release|Any CPU
		{D9C14D09-3A3A-43A5-88B7-B237A3BD12A8}.Release|Any CPU.Build.0 = Release|Any CPU
		{D9C14D09-3A3A-43A5-88B7-B237A3BD12A8}.Release|x64.ActiveCfg = Release|Any CPU
		{D9C14D09-3A3A-43A5-88B7-B237A3BD12A8}.Release|x64.Build.0 = Release|Any CPU
		{D9C14D09-3A3A-43A5-88B7-B237A3BD12A8}.Release|x86.ActiveCfg = Release|Any CPU
		{D9C14D09-3A3A-43A5-88B7-B237A3BD12A8}.Release|x86.Build.0 = Release|Any CPU
		{1D8A9DDB-75CF-4D0A-8956-2DD3AFED8DA4}.Debug|Any CPU.ActiveCfg = Debug|Any CPU
		{1D8A9DDB-75CF-4D0A-8956-2DD3AFED8DA4}.Debug|Any CPU.Build.0 = Debug|Any CPU
		{1D8A9DDB-75CF-4D0A-8956-2DD3AFED8DA4}.Debug|x64.ActiveCfg = Debug|Any CPU
		{1D8A9DDB-75CF-4D0A-8956-2DD3AFED8DA4}.Debug|x64.Build.0 = Debug|Any CPU
		{1D8A9DDB-75CF-4D0A-8956-2DD3AFED8DA4}.Debug|x86.ActiveCfg = Debug|Any CPU
		{1D8A9DDB-75CF-4D0A-8956-2DD3AFED8DA4}.Debug|x86.Build.0 = Debug|Any CPU
		{1D8A9DDB-75CF-4D0A-8956-2DD3AFED8DA4}.Release|Any CPU.ActiveCfg = Release|Any CPU
		{1D8A9DDB-75CF-4D0A-8956-2DD3AFED8DA4}.Release|Any CPU.Build.0 = Release|Any CPU
		{1D8A9DDB-75CF-4D0A-8956-2DD3AFED8DA4}.Release|x64.ActiveCfg = Release|Any CPU
		{1D8A9DDB-75CF-4D0A-8956-2DD3AFED8DA4}.Release|x64.Build.0 = Release|Any CPU
		{1D8A9DDB-75CF-4D0A-8956-2DD3AFED8DA4}.Release|x86.ActiveCfg = Release|Any CPU
		{1D8A9DDB-75CF-4D0A-8956-2DD3AFED8DA4}.Release|x86.Build.0 = Release|Any CPU
		{8145115C-E303-40B2-B693-04F644901A2D}.Debug|Any CPU.ActiveCfg = Debug|Any CPU
		{8145115C-E303-40B2-B693-04F644901A2D}.Debug|Any CPU.Build.0 = Debug|Any CPU
		{8145115C-E303-40B2-B693-04F644901A2D}.Debug|x64.ActiveCfg = Debug|Any CPU
		{8145115C-E303-40B2-B693-04F644901A2D}.Debug|x64.Build.0 = Debug|Any CPU
		{8145115C-E303-40B2-B693-04F644901A2D}.Debug|x86.ActiveCfg = Debug|Any CPU
		{8145115C-E303-40B2-B693-04F644901A2D}.Debug|x86.Build.0 = Debug|Any CPU
		{8145115C-E303-40B2-B693-04F644901A2D}.Release|Any CPU.ActiveCfg = Release|Any CPU
		{8145115C-E303-40B2-B693-04F644901A2D}.Release|Any CPU.Build.0 = Release|Any CPU
		{8145115C-E303-40B2-B693-04F644901A2D}.Release|x64.ActiveCfg = Release|Any CPU
		{8145115C-E303-40B2-B693-04F644901A2D}.Release|x64.Build.0 = Release|Any CPU
		{8145115C-E303-40B2-B693-04F644901A2D}.Release|x86.ActiveCfg = Release|Any CPU
		{8145115C-E303-40B2-B693-04F644901A2D}.Release|x86.Build.0 = Release|Any CPU
		{7FE87676-26E0-4927-B800-BABE425934D3}.Debug|Any CPU.ActiveCfg = Debug|Any CPU
		{7FE87676-26E0-4927-B800-BABE425934D3}.Debug|Any CPU.Build.0 = Debug|Any CPU
		{7FE87676-26E0-4927-B800-BABE425934D3}.Debug|x64.ActiveCfg = Debug|Any CPU
		{7FE87676-26E0-4927-B800-BABE425934D3}.Debug|x64.Build.0 = Debug|Any CPU
		{7FE87676-26E0-4927-B800-BABE425934D3}.Debug|x86.ActiveCfg = Debug|Any CPU
		{7FE87676-26E0-4927-B800-BABE425934D3}.Debug|x86.Build.0 = Debug|Any CPU
		{7FE87676-26E0-4927-B800-BABE425934D3}.Release|Any CPU.ActiveCfg = Release|Any CPU
		{7FE87676-26E0-4927-B800-BABE425934D3}.Release|Any CPU.Build.0 = Release|Any CPU
		{7FE87676-26E0-4927-B800-BABE425934D3}.Release|x64.ActiveCfg = Release|Any CPU
		{7FE87676-26E0-4927-B800-BABE425934D3}.Release|x64.Build.0 = Release|Any CPU
		{7FE87676-26E0-4927-B800-BABE425934D3}.Release|x86.ActiveCfg = Release|Any CPU
		{7FE87676-26E0-4927-B800-BABE425934D3}.Release|x86.Build.0 = Release|Any CPU
		{2CFE7C89-EE2A-46C2-BD2A-2636C50D07D3}.Debug|Any CPU.ActiveCfg = Debug|Any CPU
		{2CFE7C89-EE2A-46C2-BD2A-2636C50D07D3}.Debug|Any CPU.Build.0 = Debug|Any CPU
		{2CFE7C89-EE2A-46C2-BD2A-2636C50D07D3}.Debug|x64.ActiveCfg = Debug|Any CPU
		{2CFE7C89-EE2A-46C2-BD2A-2636C50D07D3}.Debug|x64.Build.0 = Debug|Any CPU
		{2CFE7C89-EE2A-46C2-BD2A-2636C50D07D3}.Debug|x86.ActiveCfg = Debug|Any CPU
		{2CFE7C89-EE2A-46C2-BD2A-2636C50D07D3}.Debug|x86.Build.0 = Debug|Any CPU
		{2CFE7C89-EE2A-46C2-BD2A-2636C50D07D3}.Release|Any CPU.ActiveCfg = Release|Any CPU
		{2CFE7C89-EE2A-46C2-BD2A-2636C50D07D3}.Release|Any CPU.Build.0 = Release|Any CPU
		{2CFE7C89-EE2A-46C2-BD2A-2636C50D07D3}.Release|x64.ActiveCfg = Release|Any CPU
		{2CFE7C89-EE2A-46C2-BD2A-2636C50D07D3}.Release|x64.Build.0 = Release|Any CPU
		{2CFE7C89-EE2A-46C2-BD2A-2636C50D07D3}.Release|x86.ActiveCfg = Release|Any CPU
		{2CFE7C89-EE2A-46C2-BD2A-2636C50D07D3}.Release|x86.Build.0 = Release|Any CPU
		{DCD68E39-FBB2-4777-9D8D-53FD3BC7D7C4}.Debug|Any CPU.ActiveCfg = Debug|Any CPU
		{DCD68E39-FBB2-4777-9D8D-53FD3BC7D7C4}.Debug|Any CPU.Build.0 = Debug|Any CPU
		{DCD68E39-FBB2-4777-9D8D-53FD3BC7D7C4}.Debug|x64.ActiveCfg = Debug|Any CPU
		{DCD68E39-FBB2-4777-9D8D-53FD3BC7D7C4}.Debug|x64.Build.0 = Debug|Any CPU
		{DCD68E39-FBB2-4777-9D8D-53FD3BC7D7C4}.Debug|x86.ActiveCfg = Debug|Any CPU
		{DCD68E39-FBB2-4777-9D8D-53FD3BC7D7C4}.Debug|x86.Build.0 = Debug|Any CPU
		{DCD68E39-FBB2-4777-9D8D-53FD3BC7D7C4}.Release|Any CPU.ActiveCfg = Release|Any CPU
		{DCD68E39-FBB2-4777-9D8D-53FD3BC7D7C4}.Release|Any CPU.Build.0 = Release|Any CPU
		{DCD68E39-FBB2-4777-9D8D-53FD3BC7D7C4}.Release|x64.ActiveCfg = Release|Any CPU
		{DCD68E39-FBB2-4777-9D8D-53FD3BC7D7C4}.Release|x64.Build.0 = Release|Any CPU
		{DCD68E39-FBB2-4777-9D8D-53FD3BC7D7C4}.Release|x86.ActiveCfg = Release|Any CPU
		{DCD68E39-FBB2-4777-9D8D-53FD3BC7D7C4}.Release|x86.Build.0 = Release|Any CPU
	EndGlobalSection
	GlobalSection(SolutionProperties) = preSolution
		HideSolutionNode = FALSE
	EndGlobalSection
	GlobalSection(NestedProjects) = preSolution
		{D9C14D09-3A3A-43A5-88B7-B237A3BD12A8} = {827E0CD3-B72D-47B6-A68D-7590B98EB39B}
		{1D8A9DDB-75CF-4D0A-8956-2DD3AFED8DA4} = {827E0CD3-B72D-47B6-A68D-7590B98EB39B}
		{8145115C-E303-40B2-B693-04F644901A2D} = {827E0CD3-B72D-47B6-A68D-7590B98EB39B}
		{7FE87676-26E0-4927-B800-BABE425934D3} = {827E0CD3-B72D-47B6-A68D-7590B98EB39B}
		{2CFE7C89-EE2A-46C2-BD2A-2636C50D07D3} = {827E0CD3-B72D-47B6-A68D-7590B98EB39B}
		{DCD68E39-FBB2-4777-9D8D-53FD3BC7D7C4} = {0AB3BF05-4346-4AA6-1389-037BE0695223}
	EndGlobalSection
EndGlobal
